
Microsoft Visual Studio Solution File, Format Version 12.00
# Visual Studio 15
VisualStudioVersion = 15.0.27004.2005
MinimumVisualStudioVersion = 10.0.40219.1
Project("{2150E333-8FDC-42A3-9474-1A3956D46DE8}") = "solution-Items", "solution-Items", "{946D3C5A-4580-44C8-9EA9-B529F5657143}"
	ProjectSection(SolutionItems) = preProject
		LICENSE = LICENSE
		README.md = README.md
	EndProjectSection
EndProject
Project("{2150E333-8FDC-42A3-9474-1A3956D46DE8}") = "src", "src", "{D7A18653-9B19-4903-A697-138143125A42}"
EndProject
Project("{2150E333-8FDC-42A3-9474-1A3956D46DE8}") = "build", "build", "{144939FD-1033-4BB7-9EDD-B62FCAFCAED3}"
	ProjectSection(SolutionItems) = preProject
		build\common.props = build\common.props
		build\dependencies.props = build\dependencies.props
		build\key.snk = build\key.snk
		build\packages.props = build\packages.props
		build\version.props = build\version.props
	EndProjectSection
EndProject
Project("{2150E333-8FDC-42A3-9474-1A3956D46DE8}") = "test", "test", "{3461DB43-7B0D-4201-BB69-411A97BE14FD}"
EndProject
Project("{9A19103F-16F7-4668-BE54-9A1E7A4F7556}") = "Alipay.AopSdk.Core.UnitTest", "test\Alipay.AopSdk.Core.UnitTest\Alipay.AopSdk.Core.UnitTest.csproj", "{847B8DE6-62E5-47F9-8A12-743DB946C5E8}"
EndProject
Project("{9A19103F-16F7-4668-BE54-9A1E7A4F7556}") = "Alipay.AopSdk.Core", "src\Alipay.AopSdk.Core\Alipay.AopSdk.Core.csproj", "{637E00FB-7E5F-4C6B-9CC6-87B05194A76A}"
EndProject
Project("{9A19103F-16F7-4668-BE54-9A1E7A4F7556}") = "Alipay.AopSdk.F2FPay.AspNetCore", "src\Alipay.AopSdk.F2FPay.AspNetCore\Alipay.AopSdk.F2FPay.AspNetCore.csproj", "{BD93C72F-F92A-455F-9626-65442B1906D9}"
EndProject
Project("{9A19103F-16F7-4668-BE54-9A1E7A4F7556}") = "Alipay.AopSdk.AspNetCore", "src\Alipay.AopSdk.AspNetCore\Alipay.AopSdk.AspNetCore.csproj", "{84ABFAAB-9B27-4A22-8841-F172EABACBB4}"
EndProject
Project("{FAE04EC0-301F-11D3-BF4B-00C04F79EFBC}") = "Alipay.AopSdk.UnitTest", "test\Alipay.AopSdk.UnitTest\Alipay.AopSdk.UnitTest.csproj", "{36341CAD-B3ED-45A7-A081-7165794EE2EA}"
EndProject
Project("{9A19103F-16F7-4668-BE54-9A1E7A4F7556}") = "Alipay.AopSdk.F2FPay.Core", "src\Alipay.AopSdk.F2FPay.Core\Alipay.AopSdk.F2FPay.Core.csproj", "{A3DABA46-A9F7-4311-BA7A-2FFE17226F50}"
EndProject
Project("{FAE04EC0-301F-11D3-BF4B-00C04F79EFBC}") = "Alipay.AopSdk.F2FPay", "src\Alipay.AopSdk.F2FPay\Alipay.AopSdk.F2FPay.csproj", "{A34B124D-BA6C-4378-981E-D350AFAE455D}"
EndProject
Project("{FAE04EC0-301F-11D3-BF4B-00C04F79EFBC}") = "Alipay.AopSdk", "src\Alipay.AopSdk\Alipay.AopSdk.csproj", "{DCC5B8BE-7F16-41C8-96D4-E9B78D3DACA8}"
EndProject
Global
	GlobalSection(SolutionConfigurationPlatforms) = preSolution
		Debug|Any CPU = Debug|Any CPU
		Debug|ARM = Debug|ARM
		Debug|x64 = Debug|x64
		Debug|x86 = Debug|x86
		Release|Any CPU = Release|Any CPU
		Release|ARM = Release|ARM
		Release|x64 = Release|x64
		Release|x86 = Release|x86
	EndGlobalSection
	GlobalSection(ProjectConfigurationPlatforms) = postSolution
		{847B8DE6-62E5-47F9-8A12-743DB946C5E8}.Debug|Any CPU.ActiveCfg = Debug|Any CPU
		{847B8DE6-62E5-47F9-8A12-743DB946C5E8}.Debug|Any CPU.Build.0 = Debug|Any CPU
		{847B8DE6-62E5-47F9-8A12-743DB946C5E8}.Debug|ARM.ActiveCfg = Debug|Any CPU
		{847B8DE6-62E5-47F9-8A12-743DB946C5E8}.Debug|ARM.Build.0 = Debug|Any CPU
		{847B8DE6-62E5-47F9-8A12-743DB946C5E8}.Debug|x64.ActiveCfg = Debug|Any CPU
		{847B8DE6-62E5-47F9-8A12-743DB946C5E8}.Debug|x64.Build.0 = Debug|Any CPU
		{847B8DE6-62E5-47F9-8A12-743DB946C5E8}.Debug|x86.ActiveCfg = Debug|Any CPU
		{847B8DE6-62E5-47F9-8A12-743DB946C5E8}.Debug|x86.Build.0 = Debug|Any CPU
		{847B8DE6-62E5-47F9-8A12-743DB946C5E8}.Release|Any CPU.ActiveCfg = Release|Any CPU
		{847B8DE6-62E5-47F9-8A12-743DB946C5E8}.Release|Any CPU.Build.0 = Release|Any CPU
		{847B8DE6-62E5-47F9-8A12-743DB946C5E8}.Release|ARM.ActiveCfg = Release|Any CPU
		{847B8DE6-62E5-47F9-8A12-743DB946C5E8}.Release|ARM.Build.0 = Release|Any CPU
		{847B8DE6-62E5-47F9-8A12-743DB946C5E8}.Release|x64.ActiveCfg = Release|Any CPU
		{847B8DE6-62E5-47F9-8A12-743DB946C5E8}.Release|x64.Build.0 = Release|Any CPU
		{847B8DE6-62E5-47F9-8A12-743DB946C5E8}.Release|x86.ActiveCfg = Release|Any CPU
		{847B8DE6-62E5-47F9-8A12-743DB946C5E8}.Release|x86.Build.0 = Release|Any CPU
		{637E00FB-7E5F-4C6B-9CC6-87B05194A76A}.Debug|Any CPU.ActiveCfg = Debug|Any CPU
		{637E00FB-7E5F-4C6B-9CC6-87B05194A76A}.Debug|Any CPU.Build.0 = Debug|Any CPU
		{637E00FB-7E5F-4C6B-9CC6-87B05194A76A}.Debug|ARM.ActiveCfg = Debug|Any CPU
		{637E00FB-7E5F-4C6B-9CC6-87B05194A76A}.Debug|ARM.Build.0 = Debug|Any CPU
		{637E00FB-7E5F-4C6B-9CC6-87B05194A76A}.Debug|x64.ActiveCfg = Debug|Any CPU
		{637E00FB-7E5F-4C6B-9CC6-87B05194A76A}.Debug|x64.Build.0 = Debug|Any CPU
		{637E00FB-7E5F-4C6B-9CC6-87B05194A76A}.Debug|x86.ActiveCfg = Debug|Any CPU
		{637E00FB-7E5F-4C6B-9CC6-87B05194A76A}.Debug|x86.Build.0 = Debug|Any CPU
		{637E00FB-7E5F-4C6B-9CC6-87B05194A76A}.Release|Any CPU.ActiveCfg = Release|Any CPU
		{637E00FB-7E5F-4C6B-9CC6-87B05194A76A}.Release|Any CPU.Build.0 = Release|Any CPU
		{637E00FB-7E5F-4C6B-9CC6-87B05194A76A}.Release|ARM.ActiveCfg = Release|Any CPU
		{637E00FB-7E5F-4C6B-9CC6-87B05194A76A}.Release|ARM.Build.0 = Release|Any CPU
		{637E00FB-7E5F-4C6B-9CC6-87B05194A76A}.Release|x64.ActiveCfg = Release|Any CPU
		{637E00FB-7E5F-4C6B-9CC6-87B05194A76A}.Release|x64.Build.0 = Release|Any CPU
		{637E00FB-7E5F-4C6B-9CC6-87B05194A76A}.Release|x86.ActiveCfg = Release|Any CPU
		{637E00FB-7E5F-4C6B-9CC6-87B05194A76A}.Release|x86.Build.0 = Release|Any CPU
		{BD93C72F-F92A-455F-9626-65442B1906D9}.Debug|Any CPU.ActiveCfg = Debug|Any CPU
		{BD93C72F-F92A-455F-9626-65442B1906D9}.Debug|Any CPU.Build.0 = Debug|Any CPU
		{BD93C72F-F92A-455F-9626-65442B1906D9}.Debug|ARM.ActiveCfg = Debug|Any CPU
		{BD93C72F-F92A-455F-9626-65442B1906D9}.Debug|ARM.Build.0 = Debug|Any CPU
		{BD93C72F-F92A-455F-9626-65442B1906D9}.Debug|x64.ActiveCfg = Debug|Any CPU
		{BD93C72F-F92A-455F-9626-65442B1906D9}.Debug|x64.Build.0 = Debug|Any CPU
		{BD93C72F-F92A-455F-9626-65442B1906D9}.Debug|x86.ActiveCfg = Debug|Any CPU
		{BD93C72F-F92A-455F-9626-65442B1906D9}.Debug|x86.Build.0 = Debug|Any CPU
		{BD93C72F-F92A-455F-9626-65442B1906D9}.Release|Any CPU.ActiveCfg = Release|Any CPU
		{BD93C72F-F92A-455F-9626-65442B1906D9}.Release|Any CPU.Build.0 = Release|Any CPU
		{BD93C72F-F92A-455F-9626-65442B1906D9}.Release|ARM.ActiveCfg = Release|Any CPU
		{BD93C72F-F92A-455F-9626-65442B1906D9}.Release|ARM.Build.0 = Release|Any CPU
		{BD93C72F-F92A-455F-9626-65442B1906D9}.Release|x64.ActiveCfg = Release|Any CPU
		{BD93C72F-F92A-455F-9626-65442B1906D9}.Release|x64.Build.0 = Release|Any CPU
		{BD93C72F-F92A-455F-9626-65442B1906D9}.Release|x86.ActiveCfg = Release|Any CPU
		{BD93C72F-F92A-455F-9626-65442B1906D9}.Release|x86.Build.0 = Release|Any CPU
		{84ABFAAB-9B27-4A22-8841-F172EABACBB4}.Debug|Any CPU.ActiveCfg = Debug|Any CPU
		{84ABFAAB-9B27-4A22-8841-F172EABACBB4}.Debug|Any CPU.Build.0 = Debug|Any CPU
		{84ABFAAB-9B27-4A22-8841-F172EABACBB4}.Debug|ARM.ActiveCfg = Debug|Any CPU
		{84ABFAAB-9B27-4A22-8841-F172EABACBB4}.Debug|ARM.Build.0 = Debug|Any CPU
		{84ABFAAB-9B27-4A22-8841-F172EABACBB4}.Debug|x64.ActiveCfg = Debug|Any CPU
		{84ABFAAB-9B27-4A22-8841-F172EABACBB4}.Debug|x64.Build.0 = Debug|Any CPU
		{84ABFAAB-9B27-4A22-8841-F172EABACBB4}.Debug|x86.ActiveCfg = Debug|Any CPU
		{84ABFAAB-9B27-4A22-8841-F172EABACBB4}.Debug|x86.Build.0 = Debug|Any CPU
		{84ABFAAB-9B27-4A22-8841-F172EABACBB4}.Release|Any CPU.ActiveCfg = Release|Any CPU
		{84ABFAAB-9B27-4A22-8841-F172EABACBB4}.Release|Any CPU.Build.0 = Release|Any CPU
		{84ABFAAB-9B27-4A22-8841-F172EABACBB4}.Release|ARM.ActiveCfg = Release|Any CPU
		{84ABFAAB-9B27-4A22-8841-F172EABACBB4}.Release|ARM.Build.0 = Release|Any CPU
		{84ABFAAB-9B27-4A22-8841-F172EABACBB4}.Release|x64.ActiveCfg = Release|Any CPU
		{84ABFAAB-9B27-4A22-8841-F172EABACBB4}.Release|x64.Build.0 = Release|Any CPU
		{84ABFAAB-9B27-4A22-8841-F172EABACBB4}.Release|x86.ActiveCfg = Release|Any CPU
		{84ABFAAB-9B27-4A22-8841-F172EABACBB4}.Release|x86.Build.0 = Release|Any CPU
		{36341CAD-B3ED-45A7-A081-7165794EE2EA}.Debug|Any CPU.ActiveCfg = Debug|Any CPU
		{36341CAD-B3ED-45A7-A081-7165794EE2EA}.Debug|Any CPU.Build.0 = Debug|Any CPU
		{36341CAD-B3ED-45A7-A081-7165794EE2EA}.Debug|ARM.ActiveCfg = Debug|Any CPU
		{36341CAD-B3ED-45A7-A081-7165794EE2EA}.Debug|ARM.Build.0 = Debug|Any CPU
		{36341CAD-B3ED-45A7-A081-7165794EE2EA}.Debug|x64.ActiveCfg = Debug|Any CPU
		{36341CAD-B3ED-45A7-A081-7165794EE2EA}.Debug|x64.Build.0 = Debug|Any CPU
		{36341CAD-B3ED-45A7-A081-7165794EE2EA}.Debug|x86.ActiveCfg = Debug|Any CPU
		{36341CAD-B3ED-45A7-A081-7165794EE2EA}.Debug|x86.Build.0 = Debug|Any CPU
		{36341CAD-B3ED-45A7-A081-7165794EE2EA}.Release|Any CPU.ActiveCfg = Release|Any CPU
		{36341CAD-B3ED-45A7-A081-7165794EE2EA}.Release|Any CPU.Build.0 = Release|Any CPU
		{36341CAD-B3ED-45A7-A081-7165794EE2EA}.Release|ARM.ActiveCfg = Release|Any CPU
		{36341CAD-B3ED-45A7-A081-7165794EE2EA}.Release|ARM.Build.0 = Release|Any CPU
		{36341CAD-B3ED-45A7-A081-7165794EE2EA}.Release|x64.ActiveCfg = Release|Any CPU
		{36341CAD-B3ED-45A7-A081-7165794EE2EA}.Release|x64.Build.0 = Release|Any CPU
		{36341CAD-B3ED-45A7-A081-7165794EE2EA}.Release|x86.ActiveCfg = Release|Any CPU
		{36341CAD-B3ED-45A7-A081-7165794EE2EA}.Release|x86.Build.0 = Release|Any CPU
		{A3DABA46-A9F7-4311-BA7A-2FFE17226F50}.Debug|Any CPU.ActiveCfg = Debug|Any CPU
		{A3DABA46-A9F7-4311-BA7A-2FFE17226F50}.Debug|Any CPU.Build.0 = Debug|Any CPU
		{A3DABA46-A9F7-4311-BA7A-2FFE17226F50}.Debug|ARM.ActiveCfg = Debug|Any CPU
		{A3DABA46-A9F7-4311-BA7A-2FFE17226F50}.Debug|ARM.Build.0 = Debug|Any CPU
		{A3DABA46-A9F7-4311-BA7A-2FFE17226F50}.Debug|x64.ActiveCfg = Debug|Any CPU
		{A3DABA46-A9F7-4311-BA7A-2FFE17226F50}.Debug|x64.Build.0 = Debug|Any CPU
		{A3DABA46-A9F7-4311-BA7A-2FFE17226F50}.Debug|x86.ActiveCfg = Debug|Any CPU
		{A3DABA46-A9F7-4311-BA7A-2FFE17226F50}.Debug|x86.Build.0 = Debug|Any CPU
		{A3DABA46-A9F7-4311-BA7A-2FFE17226F50}.Release|Any CPU.ActiveCfg = Release|Any CPU
		{A3DABA46-A9F7-4311-BA7A-2FFE17226F50}.Release|Any CPU.Build.0 = Release|Any CPU
		{A3DABA46-A9F7-4311-BA7A-2FFE17226F50}.Release|ARM.ActiveCfg = Release|Any CPU
		{A3DABA46-A9F7-4311-BA7A-2FFE17226F50}.Release|ARM.Build.0 = Release|Any CPU
		{A3DABA46-A9F7-4311-BA7A-2FFE17226F50}.Release|x64.ActiveCfg = Release|Any CPU
		{A3DABA46-A9F7-4311-BA7A-2FFE17226F50}.Release|x64.Build.0 = Release|Any CPU
		{A3DABA46-A9F7-4311-BA7A-2FFE17226F50}.Release|x86.ActiveCfg = Release|Any CPU
		{A3DABA46-A9F7-4311-BA7A-2FFE17226F50}.Release|x86.Build.0 = Release|Any CPU
		{A34B124D-BA6C-4378-981E-D350AFAE455D}.Debug|Any CPU.ActiveCfg = Debug|Any CPU
		{A34B124D-BA6C-4378-981E-D350AFAE455D}.Debug|Any CPU.Build.0 = Debug|Any CPU
		{A34B124D-BA6C-4378-981E-D350AFAE455D}.Debug|ARM.ActiveCfg = Debug|Any CPU
		{A34B124D-BA6C-4378-981E-D350AFAE455D}.Debug|ARM.Build.0 = Debug|Any CPU
		{A34B124D-BA6C-4378-981E-D350AFAE455D}.Debug|x64.ActiveCfg = Debug|Any CPU
		{A34B124D-BA6C-4378-981E-D350AFAE455D}.Debug|x64.Build.0 = Debug|Any CPU
		{A34B124D-BA6C-4378-981E-D350AFAE455D}.Debug|x86.ActiveCfg = Debug|Any CPU
		{A34B124D-BA6C-4378-981E-D350AFAE455D}.Debug|x86.Build.0 = Debug|Any CPU
		{A34B124D-BA6C-4378-981E-D350AFAE455D}.Release|Any CPU.ActiveCfg = Release|Any CPU
		{A34B124D-BA6C-4378-981E-D350AFAE455D}.Release|Any CPU.Build.0 = Release|Any CPU
		{A34B124D-BA6C-4378-981E-D350AFAE455D}.Release|ARM.ActiveCfg = Release|Any CPU
		{A34B124D-BA6C-4378-981E-D350AFAE455D}.Release|ARM.Build.0 = Release|Any CPU
		{A34B124D-BA6C-4378-981E-D350AFAE455D}.Release|x64.ActiveCfg = Release|Any CPU
		{A34B124D-BA6C-4378-981E-D350AFAE455D}.Release|x64.Build.0 = Release|Any CPU
		{A34B124D-BA6C-4378-981E-D350AFAE455D}.Release|x86.ActiveCfg = Release|Any CPU
		{A34B124D-BA6C-4378-981E-D350AFAE455D}.Release|x86.Build.0 = Release|Any CPU
		{DCC5B8BE-7F16-41C8-96D4-E9B78D3DACA8}.Debug|Any CPU.ActiveCfg = Debug|Any CPU
		{DCC5B8BE-7F16-41C8-96D4-E9B78D3DACA8}.Debug|Any CPU.Build.0 = Debug|Any CPU
		{DCC5B8BE-7F16-41C8-96D4-E9B78D3DACA8}.Debug|ARM.ActiveCfg = Debug|Any CPU
		{DCC5B8BE-7F16-41C8-96D4-E9B78D3DACA8}.Debug|ARM.Build.0 = Debug|Any CPU
		{DCC5B8BE-7F16-41C8-96D4-E9B78D3DACA8}.Debug|x64.ActiveCfg = Debug|Any CPU
		{DCC5B8BE-7F16-41C8-96D4-E9B78D3DACA8}.Debug|x64.Build.0 = Debug|Any CPU
		{DCC5B8BE-7F16-41C8-96D4-E9B78D3DACA8}.Debug|x86.ActiveCfg = Debug|Any CPU
		{DCC5B8BE-7F16-41C8-96D4-E9B78D3DACA8}.Debug|x86.Build.0 = Debug|Any CPU
		{DCC5B8BE-7F16-41C8-96D4-E9B78D3DACA8}.Release|Any CPU.ActiveCfg = Release|Any CPU
		{DCC5B8BE-7F16-41C8-96D4-E9B78D3DACA8}.Release|Any CPU.Build.0 = Release|Any CPU
		{DCC5B8BE-7F16-41C8-96D4-E9B78D3DACA8}.Release|ARM.ActiveCfg = Release|Any CPU
		{DCC5B8BE-7F16-41C8-96D4-E9B78D3DACA8}.Release|ARM.Build.0 = Release|Any CPU
		{DCC5B8BE-7F16-41C8-96D4-E9B78D3DACA8}.Release|x64.ActiveCfg = Release|Any CPU
		{DCC5B8BE-7F16-41C8-96D4-E9B78D3DACA8}.Release|x64.Build.0 = Release|Any CPU
		{DCC5B8BE-7F16-41C8-96D4-E9B78D3DACA8}.Release|x86.ActiveCfg = Release|Any CPU
		{DCC5B8BE-7F16-41C8-96D4-E9B78D3DACA8}.Release|x86.Build.0 = Release|Any CPU
	EndGlobalSection
	GlobalSection(SolutionProperties) = preSolution
		HideSolutionNode = FALSE
	EndGlobalSection
	GlobalSection(NestedProjects) = preSolution
		{847B8DE6-62E5-47F9-8A12-743DB946C5E8} = {3461DB43-7B0D-4201-BB69-411A97BE14FD}
		{637E00FB-7E5F-4C6B-9CC6-87B05194A76A} = {D7A18653-9B19-4903-A697-138143125A42}
		{BD93C72F-F92A-455F-9626-65442B1906D9} = {D7A18653-9B19-4903-A697-138143125A42}
		{84ABFAAB-9B27-4A22-8841-F172EABACBB4} = {D7A18653-9B19-4903-A697-138143125A42}
		{36341CAD-B3ED-45A7-A081-7165794EE2EA} = {3461DB43-7B0D-4201-BB69-411A97BE14FD}
		{A3DABA46-A9F7-4311-BA7A-2FFE17226F50} = {D7A18653-9B19-4903-A697-138143125A42}
		{A34B124D-BA6C-4378-981E-D350AFAE455D} = {D7A18653-9B19-4903-A697-138143125A42}
		{DCC5B8BE-7F16-41C8-96D4-E9B78D3DACA8} = {D7A18653-9B19-4903-A697-138143125A42}
	EndGlobalSection
	GlobalSection(ExtensibilityGlobals) = postSolution
		SolutionGuid = {356EDB96-6423-4963-9A51-508938FDBC91}
	EndGlobalSection
EndGlobal
